
Microsoft Visual Studio Solution File, Format Version 12.00
# Visual Studio 15
VisualStudioVersion = 15.0.28307.960
MinimumVisualStudioVersion = 10.0.40219.1
Project("{FAE04EC0-301F-11D3-BF4B-00C04F79EFBC}") = "OneSignal", "WebApplication3\OneSignal.csproj", "{451A2DB5-7756-43EE-ABC2-0D3A859F3171}"
EndProject
Global
	GlobalSection(SolutionConfigurationPlatforms) = preSolution
		Debug|Any CPU = Debug|Any CPU
		Release|Any CPU = Release|Any CPU
	EndGlobalSection
	GlobalSection(ProjectConfigurationPlatforms) = postSolution
		{451A2DB5-7756-43EE-ABC2-0D3A859F3171}.Debug|Any CPU.ActiveCfg = Debug|Any CPU
		{451A2DB5-7756-43EE-ABC2-0D3A859F3171}.Debug|Any CPU.Build.0 = Debug|Any CPU
		{451A2DB5-7756-43EE-ABC2-0D3A859F3171}.Release|Any CPU.ActiveCfg = Release|Any CPU
		{451A2DB5-7756-43EE-ABC2-0D3A859F3171}.Release|Any CPU.Build.0 = Release|Any CPU
	EndGlobalSection
	GlobalSection(SolutionProperties) = preSolution
		HideSolutionNode = FALSE
	EndGlobalSection
	GlobalSection(ExtensibilityGlobals) = postSolution
		SolutionGuid = {5DDB7C8B-C901-404C-BAFB-D80A15CB1C9E}
	EndGlobalSection
EndGlobal
